
Microsoft Visual Studio Solution File, Format Version 12.00
# Visual Studio 2012
Project("{FAE04EC0-301F-11D3-BF4B-00C04F79EFBC}") = "WebMY1", "WebMY1\WebMY1.csproj", "{D96284C9-E1D3-4C12-B79E-DC63CBE847DB}"
EndProject
Global
	GlobalSection(SolutionConfigurationPlatforms) = preSolution
		Debug|Any CPU = Debug|Any CPU
		Release|Any CPU = Release|Any CPU
	EndGlobalSection
	GlobalSection(ProjectConfigurationPlatforms) = postSolution
		{D96284C9-E1D3-4C12-B79E-DC63CBE847DB}.Debug|Any CPU.ActiveCfg = Debug|Any CPU
		{D96284C9-E1D3-4C12-B79E-DC63CBE847DB}.Debug|Any CPU.Build.0 = Debug|Any CPU
		{D96284C9-E1D3-4C12-B79E-DC63CBE847DB}.Release|Any CPU.ActiveCfg = Release|Any CPU
		{D96284C9-E1D3-4C12-B79E-DC63CBE847DB}.Release|Any CPU.Build.0 = Release|Any CPU
	EndGlobalSection
	GlobalSection(SolutionProperties) = preSolution
		HideSolutionNode = FALSE
	EndGlobalSection
EndGlobal
